// !$*UTF8*$!
{
	archiveVersion = 1;
	classes = {
	};
	objectVersion = 55;
	objects = {

/* Begin PBXBuildFile section */
		8EA3C60E2B820797002CF2AC /* AdabApp.swift in Sources */ = {isa = PBXBuildFile; fileRef = 8EA3C60D2B820797002CF2AC /* AdabApp.swift */; };
		8EA3C6102B820797002CF2AC /* MainView.swift in Sources */ = {isa = PBXBuildFile; fileRef = 8EA3C60F2B820797002CF2AC /* MainView.swift */; };
		8EA3C6122B820798002CF2AC /* Assets.xcassets in Resources */ = {isa = PBXBuildFile; fileRef = 8EA3C6112B820798002CF2AC /* Assets.xcassets */; };
		8EA3C6152B820798002CF2AC /* Preview Assets.xcassets in Resources */ = {isa = PBXBuildFile; fileRef = 8EA3C6142B820798002CF2AC /* Preview Assets.xcassets */; };
		8EA3C61F2B820798002CF2AC /* AdabTests.swift in Sources */ = {isa = PBXBuildFile; fileRef = 8EA3C61E2B820798002CF2AC /* AdabTests.swift */; };
		8EA3C6292B820798002CF2AC /* AdabUITests.swift in Sources */ = {isa = PBXBuildFile; fileRef = 8EA3C6282B820798002CF2AC /* AdabUITests.swift */; };
		8EA3C62B2B820798002CF2AC /* AdabUITestsLaunchTests.swift in Sources */ = {isa = PBXBuildFile; fileRef = 8EA3C62A2B820798002CF2AC /* AdabUITestsLaunchTests.swift */; };
		8EA3C63C2B820B8F002CF2AC /* FirebaseAnalytics in Frameworks */ = {isa = PBXBuildFile; productRef = 8EA3C63B2B820B8F002CF2AC /* FirebaseAnalytics */; };
		8EA3C63E2B820B8F002CF2AC /* FirebaseAnalyticsOnDeviceConversion in Frameworks */ = {isa = PBXBuildFile; productRef = 8EA3C63D2B820B8F002CF2AC /* FirebaseAnalyticsOnDeviceConversion */; };
		8EA3C6402B820B8F002CF2AC /* FirebaseAnalyticsSwift in Frameworks */ = {isa = PBXBuildFile; productRef = 8EA3C63F2B820B8F002CF2AC /* FirebaseAnalyticsSwift */; };
		8EA3C6422B820B8F002CF2AC /* FirebaseAnalyticsWithoutAdIdSupport in Frameworks */ = {isa = PBXBuildFile; productRef = 8EA3C6412B820B8F002CF2AC /* FirebaseAnalyticsWithoutAdIdSupport */; };
		8EA3C6442B820B8F002CF2AC /* FirebaseAuth in Frameworks */ = {isa = PBXBuildFile; productRef = 8EA3C6432B820B8F002CF2AC /* FirebaseAuth */; };
		8EA3C6462B820B8F002CF2AC /* FirebaseFirestore in Frameworks */ = {isa = PBXBuildFile; productRef = 8EA3C6452B820B8F002CF2AC /* FirebaseFirestore */; };
		8EA3C6482B820B8F002CF2AC /* FirebaseFirestoreSwift in Frameworks */ = {isa = PBXBuildFile; productRef = 8EA3C6472B820B8F002CF2AC /* FirebaseFirestoreSwift */; };
		8EA3C64F2B833C73002CF2AC /* GoogleService-Info.plist in Resources */ = {isa = PBXBuildFile; fileRef = 8EA3C64E2B833C73002CF2AC /* GoogleService-Info.plist */; };
		8ECF86FE2B833ECB008C0D78 /* ProfileView.swift in Sources */ = {isa = PBXBuildFile; fileRef = 8ECF86FD2B833ECB008C0D78 /* ProfileView.swift */; };
		8ECF87002B833F00008C0D78 /* ItemsView.swift in Sources */ = {isa = PBXBuildFile; fileRef = 8ECF86FF2B833F00008C0D78 /* ItemsView.swift */; };
		8ECF87022B833F16008C0D78 /* CreateItemsView.swift in Sources */ = {isa = PBXBuildFile; fileRef = 8ECF87012B833F16008C0D78 /* CreateItemsView.swift */; };
		8ECF87042B833F32008C0D78 /* LoginView.swift in Sources */ = {isa = PBXBuildFile; fileRef = 8ECF87032B833F32008C0D78 /* LoginView.swift */; };
		8ECF87062B833F44008C0D78 /* RegisterView.swift in Sources */ = {isa = PBXBuildFile; fileRef = 8ECF87052B833F44008C0D78 /* RegisterView.swift */; };
		8ECF87082B833F93008C0D78 /* SingleItemView.swift in Sources */ = {isa = PBXBuildFile; fileRef = 8ECF87072B833F93008C0D78 /* SingleItemView.swift */; };
		8ECF870A2B833FC9008C0D78 /* User.swift in Sources */ = {isa = PBXBuildFile; fileRef = 8ECF87092B833FC9008C0D78 /* User.swift */; };
		8ECF870C2B83409E008C0D78 /* ToDoListItem.swift in Sources */ = {isa = PBXBuildFile; fileRef = 8ECF870B2B83409E008C0D78 /* ToDoListItem.swift */; };
		8ECF870E2B8340DB008C0D78 /* MainViewViewModel.swift in Sources */ = {isa = PBXBuildFile; fileRef = 8ECF870D2B8340DB008C0D78 /* MainViewViewModel.swift */; };
		8ECF87102B8340E7008C0D78 /* ProfileViewViewModel.swift in Sources */ = {isa = PBXBuildFile; fileRef = 8ECF870F2B8340E7008C0D78 /* ProfileViewViewModel.swift */; };
		8ECF87122B8340F1008C0D78 /* ItemsViewViewModel.swift in Sources */ = {isa = PBXBuildFile; fileRef = 8ECF87112B8340F1008C0D78 /* ItemsViewViewModel.swift */; };
		8ECF87142B834103008C0D78 /* CreateItemsViewViewModel.swift in Sources */ = {isa = PBXBuildFile; fileRef = 8ECF87132B834103008C0D78 /* CreateItemsViewViewModel.swift */; };
		8ECF87162B834114008C0D78 /* LoginViewViewModel.swift in Sources */ = {isa = PBXBuildFile; fileRef = 8ECF87152B834114008C0D78 /* LoginViewViewModel.swift */; };
		8ECF87182B83411B008C0D78 /* RegisterViewViewModel.swift in Sources */ = {isa = PBXBuildFile; fileRef = 8ECF87172B83411B008C0D78 /* RegisterViewViewModel.swift */; };
		8ECF871A2B834126008C0D78 /* SingleItemViewViewModel.swift in Sources */ = {isa = PBXBuildFile; fileRef = 8ECF87192B834126008C0D78 /* SingleItemViewViewModel.swift */; };
		8ECF871C2B8349B2008C0D78 /* HeaderView.swift in Sources */ = {isa = PBXBuildFile; fileRef = 8ECF871B2B8349B2008C0D78 /* HeaderView.swift */; };
		8ECF871E2B835D7D008C0D78 /* AButton.swift in Sources */ = {isa = PBXBuildFile; fileRef = 8ECF871D2B835D7D008C0D78 /* AButton.swift */; };
		8ECF87202B87D2D8008C0D78 /* Extensions.swift in Sources */ = {isa = PBXBuildFile; fileRef = 8ECF871F2B87D2D8008C0D78 /* Extensions.swift */; };
/* End PBXBuildFile section */

/* Begin PBXContainerItemProxy section */
		8EA3C61B2B820798002CF2AC /* PBXContainerItemProxy */ = {
			isa = PBXContainerItemProxy;
			containerPortal = 8EA3C6022B820797002CF2AC /* Project object */;
			proxyType = 1;
			remoteGlobalIDString = 8EA3C6092B820797002CF2AC;
			remoteInfo = Adab;
		};
		8EA3C6252B820798002CF2AC /* PBXContainerItemProxy */ = {
			isa = PBXContainerItemProxy;
			containerPortal = 8EA3C6022B820797002CF2AC /* Project object */;
			proxyType = 1;
			remoteGlobalIDString = 8EA3C6092B820797002CF2AC;
			remoteInfo = Adab;
		};
/* End PBXContainerItemProxy section */

/* Begin PBXFileReference section */
		8EA3C60A2B820797002CF2AC /* Adab.app */ = {isa = PBXFileReference; explicitFileType = wrapper.application; includeInIndex = 0; path = Adab.app; sourceTree = BUILT_PRODUCTS_DIR; };
		8EA3C60D2B820797002CF2AC /* AdabApp.swift */ = {isa = PBXFileReference; lastKnownFileType = sourcecode.swift; path = AdabApp.swift; sourceTree = "<group>"; };
		8EA3C60F2B820797002CF2AC /* MainView.swift */ = {isa = PBXFileReference; lastKnownFileType = sourcecode.swift; path = MainView.swift; sourceTree = "<group>"; };
		8EA3C6112B820798002CF2AC /* Assets.xcassets */ = {isa = PBXFileReference; lastKnownFileType = folder.assetcatalog; path = Assets.xcassets; sourceTree = "<group>"; };
		8EA3C6142B820798002CF2AC /* Preview Assets.xcassets */ = {isa = PBXFileReference; lastKnownFileType = folder.assetcatalog; path = "Preview Assets.xcassets"; sourceTree = "<group>"; };
		8EA3C61A2B820798002CF2AC /* AdabTests.xctest */ = {isa = PBXFileReference; explicitFileType = wrapper.cfbundle; includeInIndex = 0; path = AdabTests.xctest; sourceTree = BUILT_PRODUCTS_DIR; };
		8EA3C61E2B820798002CF2AC /* AdabTests.swift */ = {isa = PBXFileReference; lastKnownFileType = sourcecode.swift; path = AdabTests.swift; sourceTree = "<group>"; };
		8EA3C6242B820798002CF2AC /* AdabUITests.xctest */ = {isa = PBXFileReference; explicitFileType = wrapper.cfbundle; includeInIndex = 0; path = AdabUITests.xctest; sourceTree = BUILT_PRODUCTS_DIR; };
		8EA3C6282B820798002CF2AC /* AdabUITests.swift */ = {isa = PBXFileReference; lastKnownFileType = sourcecode.swift; path = AdabUITests.swift; sourceTree = "<group>"; };
		8EA3C62A2B820798002CF2AC /* AdabUITestsLaunchTests.swift */ = {isa = PBXFileReference; lastKnownFileType = sourcecode.swift; path = AdabUITestsLaunchTests.swift; sourceTree = "<group>"; };
		8EA3C64E2B833C73002CF2AC /* GoogleService-Info.plist */ = {isa = PBXFileReference; fileEncoding = 4; lastKnownFileType = text.plist.xml; path = "GoogleService-Info.plist"; sourceTree = "<group>"; };
		8ECF86FD2B833ECB008C0D78 /* ProfileView.swift */ = {isa = PBXFileReference; lastKnownFileType = sourcecode.swift; path = ProfileView.swift; sourceTree = "<group>"; };
		8ECF86FF2B833F00008C0D78 /* ItemsView.swift */ = {isa = PBXFileReference; lastKnownFileType = sourcecode.swift; path = ItemsView.swift; sourceTree = "<group>"; };
		8ECF87012B833F16008C0D78 /* CreateItemsView.swift */ = {isa = PBXFileReference; lastKnownFileType = sourcecode.swift; path = CreateItemsView.swift; sourceTree = "<group>"; };
		8ECF87032B833F32008C0D78 /* LoginView.swift */ = {isa = PBXFileReference; lastKnownFileType = sourcecode.swift; path = LoginView.swift; sourceTree = "<group>"; };
		8ECF87052B833F44008C0D78 /* RegisterView.swift */ = {isa = PBXFileReference; lastKnownFileType = sourcecode.swift; path = RegisterView.swift; sourceTree = "<group>"; };
		8ECF87072B833F93008C0D78 /* SingleItemView.swift */ = {isa = PBXFileReference; lastKnownFileType = sourcecode.swift; path = SingleItemView.swift; sourceTree = "<group>"; };
		8ECF87092B833FC9008C0D78 /* User.swift */ = {isa = PBXFileReference; lastKnownFileType = sourcecode.swift; path = User.swift; sourceTree = "<group>"; };
		8ECF870B2B83409E008C0D78 /* ToDoListItem.swift */ = {isa = PBXFileReference; lastKnownFileType = sourcecode.swift; path = ToDoListItem.swift; sourceTree = "<group>"; };
		8ECF870D2B8340DB008C0D78 /* MainViewViewModel.swift */ = {isa = PBXFileReference; lastKnownFileType = sourcecode.swift; path = MainViewViewModel.swift; sourceTree = "<group>"; };
		8ECF870F2B8340E7008C0D78 /* ProfileViewViewModel.swift */ = {isa = PBXFileReference; lastKnownFileType = sourcecode.swift; path = ProfileViewViewModel.swift; sourceTree = "<group>"; };
		8ECF87112B8340F1008C0D78 /* ItemsViewViewModel.swift */ = {isa = PBXFileReference; lastKnownFileType = sourcecode.swift; path = ItemsViewViewModel.swift; sourceTree = "<group>"; };
		8ECF87132B834103008C0D78 /* CreateItemsViewViewModel.swift */ = {isa = PBXFileReference; lastKnownFileType = sourcecode.swift; path = CreateItemsViewViewModel.swift; sourceTree = "<group>"; };
		8ECF87152B834114008C0D78 /* LoginViewViewModel.swift */ = {isa = PBXFileReference; lastKnownFileType = sourcecode.swift; path = LoginViewViewModel.swift; sourceTree = "<group>"; };
		8ECF87172B83411B008C0D78 /* RegisterViewViewModel.swift */ = {isa = PBXFileReference; lastKnownFileType = sourcecode.swift; path = RegisterViewViewModel.swift; sourceTree = "<group>"; };
		8ECF87192B834126008C0D78 /* SingleItemViewViewModel.swift */ = {isa = PBXFileReference; lastKnownFileType = sourcecode.swift; path = SingleItemViewViewModel.swift; sourceTree = "<group>"; };
		8ECF871B2B8349B2008C0D78 /* HeaderView.swift */ = {isa = PBXFileReference; lastKnownFileType = sourcecode.swift; path = HeaderView.swift; sourceTree = "<group>"; };
		8ECF871D2B835D7D008C0D78 /* AButton.swift */ = {isa = PBXFileReference; lastKnownFileType = sourcecode.swift; path = AButton.swift; sourceTree = "<group>"; };
		8ECF871F2B87D2D8008C0D78 /* Extensions.swift */ = {isa = PBXFileReference; lastKnownFileType = sourcecode.swift; path = Extensions.swift; sourceTree = "<group>"; };
/* End PBXFileReference section */

/* Begin PBXFrameworksBuildPhase section */
		8EA3C6072B820797002CF2AC /* Frameworks */ = {
			isa = PBXFrameworksBuildPhase;
			buildActionMask = 2147483647;
			files = (
				8EA3C6402B820B8F002CF2AC /* FirebaseAnalyticsSwift in Frameworks */,
				8EA3C6442B820B8F002CF2AC /* FirebaseAuth in Frameworks */,
				8EA3C63C2B820B8F002CF2AC /* FirebaseAnalytics in Frameworks */,
				8EA3C6482B820B8F002CF2AC /* FirebaseFirestoreSwift in Frameworks */,
				8EA3C63E2B820B8F002CF2AC /* FirebaseAnalyticsOnDeviceConversion in Frameworks */,
				8EA3C6422B820B8F002CF2AC /* FirebaseAnalyticsWithoutAdIdSupport in Frameworks */,
				8EA3C6462B820B8F002CF2AC /* FirebaseFirestore in Frameworks */,
			);
			runOnlyForDeploymentPostprocessing = 0;
		};
		8EA3C6172B820798002CF2AC /* Frameworks */ = {
			isa = PBXFrameworksBuildPhase;
			buildActionMask = 2147483647;
			files = (
			);
			runOnlyForDeploymentPostprocessing = 0;
		};
		8EA3C6212B820798002CF2AC /* Frameworks */ = {
			isa = PBXFrameworksBuildPhase;
			buildActionMask = 2147483647;
			files = (
			);
			runOnlyForDeploymentPostprocessing = 0;
		};
/* End PBXFrameworksBuildPhase section */

/* Begin PBXGroup section */
		8EA3C6012B820797002CF2AC = {
			isa = PBXGroup;
			children = (
				8EA3C60C2B820797002CF2AC /* Adab */,
				8EA3C61D2B820798002CF2AC /* AdabTests */,
				8EA3C6272B820798002CF2AC /* AdabUITests */,
				8EA3C60B2B820797002CF2AC /* Products */,
			);
			sourceTree = "<group>";
		};
		8EA3C60B2B820797002CF2AC /* Products */ = {
			isa = PBXGroup;
			children = (
				8EA3C60A2B820797002CF2AC /* Adab.app */,
				8EA3C61A2B820798002CF2AC /* AdabTests.xctest */,
				8EA3C6242B820798002CF2AC /* AdabUITests.xctest */,
			);
			name = Products;
			sourceTree = "<group>";
		};
		8EA3C60C2B820797002CF2AC /* Adab */ = {
			isa = PBXGroup;
			children = (
				8EA3C64D2B833B17002CF2AC /* Other */,
				8EA3C64B2B833B06002CF2AC /* Models */,
				8EA3C64A2B833AFB002CF2AC /* ViewModels */,
				8EA3C6492B833AC7002CF2AC /* Views */,
				8EA3C6132B820798002CF2AC /* Preview Content */,
			);
			path = Adab;
			sourceTree = "<group>";
		};
		8EA3C6132B820798002CF2AC /* Preview Content */ = {
			isa = PBXGroup;
			children = (
				8EA3C6142B820798002CF2AC /* Preview Assets.xcassets */,
			);
			path = "Preview Content";
			sourceTree = "<group>";
		};
		8EA3C61D2B820798002CF2AC /* AdabTests */ = {
			isa = PBXGroup;
			children = (
				8EA3C61E2B820798002CF2AC /* AdabTests.swift */,
			);
			path = AdabTests;
			sourceTree = "<group>";
		};
		8EA3C6272B820798002CF2AC /* AdabUITests */ = {
			isa = PBXGroup;
			children = (
				8EA3C6282B820798002CF2AC /* AdabUITests.swift */,
				8EA3C62A2B820798002CF2AC /* AdabUITestsLaunchTests.swift */,
			);
			path = AdabUITests;
			sourceTree = "<group>";
		};
		8EA3C6492B833AC7002CF2AC /* Views */ = {
			isa = PBXGroup;
			children = (
				8EA3C60F2B820797002CF2AC /* MainView.swift */,
				8ECF86FD2B833ECB008C0D78 /* ProfileView.swift */,
				8ECF86FF2B833F00008C0D78 /* ItemsView.swift */,
				8ECF87012B833F16008C0D78 /* CreateItemsView.swift */,
				8ECF87032B833F32008C0D78 /* LoginView.swift */,
				8ECF87052B833F44008C0D78 /* RegisterView.swift */,
				8ECF87072B833F93008C0D78 /* SingleItemView.swift */,
				8ECF871B2B8349B2008C0D78 /* HeaderView.swift */,
				8ECF871D2B835D7D008C0D78 /* AButton.swift */,
			);
			path = Views;
			sourceTree = "<group>";
		};
		8EA3C64A2B833AFB002CF2AC /* ViewModels */ = {
			isa = PBXGroup;
			children = (
				8ECF870D2B8340DB008C0D78 /* MainViewViewModel.swift */,
				8ECF870F2B8340E7008C0D78 /* ProfileViewViewModel.swift */,
				8ECF87112B8340F1008C0D78 /* ItemsViewViewModel.swift */,
				8ECF87132B834103008C0D78 /* CreateItemsViewViewModel.swift */,
				8ECF87152B834114008C0D78 /* LoginViewViewModel.swift */,
				8ECF87172B83411B008C0D78 /* RegisterViewViewModel.swift */,
				8ECF87192B834126008C0D78 /* SingleItemViewViewModel.swift */,
			);
			path = ViewModels;
			sourceTree = "<group>";
		};
		8EA3C64B2B833B06002CF2AC /* Models */ = {
			isa = PBXGroup;
			children = (
				8ECF87092B833FC9008C0D78 /* User.swift */,
				8ECF870B2B83409E008C0D78 /* ToDoListItem.swift */,
			);
			path = Models;
			sourceTree = "<group>";
		};
		8EA3C64D2B833B17002CF2AC /* Other */ = {
			isa = PBXGroup;
			children = (
				8EA3C64E2B833C73002CF2AC /* GoogleService-Info.plist */,
				8EA3C6112B820798002CF2AC /* Assets.xcassets */,
				8EA3C60D2B820797002CF2AC /* AdabApp.swift */,
				8ECF871F2B87D2D8008C0D78 /* Extensions.swift */,
			);
			path = Other;
			sourceTree = "<group>";
		};
/* End PBXGroup section */

/* Begin PBXNativeTarget section */
		8EA3C6092B820797002CF2AC /* Adab */ = {
			isa = PBXNativeTarget;
			buildConfigurationList = 8EA3C62E2B820798002CF2AC /* Build configuration list for PBXNativeTarget "Adab" */;
			buildPhases = (
				8EA3C6062B820797002CF2AC /* Sources */,
				8EA3C6072B820797002CF2AC /* Frameworks */,
				8EA3C6082B820797002CF2AC /* Resources */,
			);
			buildRules = (
			);
			dependencies = (
			);
			name = Adab;
			packageProductDependencies = (
				8EA3C63B2B820B8F002CF2AC /* FirebaseAnalytics */,
				8EA3C63D2B820B8F002CF2AC /* FirebaseAnalyticsOnDeviceConversion */,
				8EA3C63F2B820B8F002CF2AC /* FirebaseAnalyticsSwift */,
				8EA3C6412B820B8F002CF2AC /* FirebaseAnalyticsWithoutAdIdSupport */,
				8EA3C6432B820B8F002CF2AC /* FirebaseAuth */,
				8EA3C6452B820B8F002CF2AC /* FirebaseFirestore */,
				8EA3C6472B820B8F002CF2AC /* FirebaseFirestoreSwift */,
			);
			productName = Adab;
			productReference = 8EA3C60A2B820797002CF2AC /* Adab.app */;
			productType = "com.apple.product-type.application";
		};
		8EA3C6192B820798002CF2AC /* AdabTests */ = {
			isa = PBXNativeTarget;
			buildConfigurationList = 8EA3C6312B820798002CF2AC /* Build configuration list for PBXNativeTarget "AdabTests" */;
			buildPhases = (
				8EA3C6162B820798002CF2AC /* Sources */,
				8EA3C6172B820798002CF2AC /* Frameworks */,
				8EA3C6182B820798002CF2AC /* Resources */,
			);
			buildRules = (
			);
			dependencies = (
				8EA3C61C2B820798002CF2AC /* PBXTargetDependency */,
			);
			name = AdabTests;
			productName = AdabTests;
			productReference = 8EA3C61A2B820798002CF2AC /* AdabTests.xctest */;
			productType = "com.apple.product-type.bundle.unit-test";
		};
		8EA3C6232B820798002CF2AC /* AdabUITests */ = {
			isa = PBXNativeTarget;
			buildConfigurationList = 8EA3C6342B820798002CF2AC /* Build configuration list for PBXNativeTarget "AdabUITests" */;
			buildPhases = (
				8EA3C6202B820798002CF2AC /* Sources */,
				8EA3C6212B820798002CF2AC /* Frameworks */,
				8EA3C6222B820798002CF2AC /* Resources */,
			);
			buildRules = (
			);
			dependencies = (
				8EA3C6262B820798002CF2AC /* PBXTargetDependency */,
			);
			name = AdabUITests;
			productName = AdabUITests;
			productReference = 8EA3C6242B820798002CF2AC /* AdabUITests.xctest */;
			productType = "com.apple.product-type.bundle.ui-testing";
		};
/* End PBXNativeTarget section */

/* Begin PBXProject section */
		8EA3C6022B820797002CF2AC /* Project object */ = {
			isa = PBXProject;
			attributes = {
				BuildIndependentTargetsInParallel = 1;
				LastSwiftUpdateCheck = 1320;
				LastUpgradeCheck = 1320;
				TargetAttributes = {
					8EA3C6092B820797002CF2AC = {
						CreatedOnToolsVersion = 13.2.1;
					};
					8EA3C6192B820798002CF2AC = {
						CreatedOnToolsVersion = 13.2.1;
						TestTargetID = 8EA3C6092B820797002CF2AC;
					};
					8EA3C6232B820798002CF2AC = {
						CreatedOnToolsVersion = 13.2.1;
						TestTargetID = 8EA3C6092B820797002CF2AC;
					};
				};
			};
			buildConfigurationList = 8EA3C6052B820797002CF2AC /* Build configuration list for PBXProject "Adab" */;
			compatibilityVersion = "Xcode 13.0";
			developmentRegion = en;
			hasScannedForEncodings = 0;
			knownRegions = (
				en,
				Base,
			);
			mainGroup = 8EA3C6012B820797002CF2AC;
			packageReferences = (
				8EA3C63A2B820B8F002CF2AC /* XCRemoteSwiftPackageReference "firebase-ios-sdk" */,
			);
			productRefGroup = 8EA3C60B2B820797002CF2AC /* Products */;
			projectDirPath = "";
			projectRoot = "";
			targets = (
				8EA3C6092B820797002CF2AC /* Adab */,
				8EA3C6192B820798002CF2AC /* AdabTests */,
				8EA3C6232B820798002CF2AC /* AdabUITests */,
			);
		};
/* End PBXProject section */

/* Begin PBXResourcesBuildPhase section */
		8EA3C6082B820797002CF2AC /* Resources */ = {
			isa = PBXResourcesBuildPhase;
			buildActionMask = 2147483647;
			files = (
				8EA3C6152B820798002CF2AC /* Preview Assets.xcassets in Resources */,
				8EA3C6122B820798002CF2AC /* Assets.xcassets in Resources */,
				8EA3C64F2B833C73002CF2AC /* GoogleService-Info.plist in Resources */,
			);
			runOnlyForDeploymentPostprocessing = 0;
		};
		8EA3C6182B820798002CF2AC /* Resources */ = {
			isa = PBXResourcesBuildPhase;
			buildActionMask = 2147483647;
			files = (
			);
			runOnlyForDeploymentPostprocessing = 0;
		};
		8EA3C6222B820798002CF2AC /* Resources */ = {
			isa = PBXResourcesBuildPhase;
			buildActionMask = 2147483647;
			files = (
			);
			runOnlyForDeploymentPostprocessing = 0;
		};
/* End PBXResourcesBuildPhase section */

/* Begin PBXSourcesBuildPhase section */
		8EA3C6062B820797002CF2AC /* Sources */ = {
			isa = PBXSourcesBuildPhase;
			buildActionMask = 2147483647;
			files = (
				8ECF87042B833F32008C0D78 /* LoginView.swift in Sources */,
				8ECF871C2B8349B2008C0D78 /* HeaderView.swift in Sources */,
				8ECF87022B833F16008C0D78 /* CreateItemsView.swift in Sources */,
				8ECF871A2B834126008C0D78 /* SingleItemViewViewModel.swift in Sources */,
				8ECF87182B83411B008C0D78 /* RegisterViewViewModel.swift in Sources */,
				8ECF870E2B8340DB008C0D78 /* MainViewViewModel.swift in Sources */,
				8EA3C6102B820797002CF2AC /* MainView.swift in Sources */,
				8ECF87082B833F93008C0D78 /* SingleItemView.swift in Sources */,
				8ECF87102B8340E7008C0D78 /* ProfileViewViewModel.swift in Sources */,
				8ECF87062B833F44008C0D78 /* RegisterView.swift in Sources */,
				8ECF870A2B833FC9008C0D78 /* User.swift in Sources */,
				8ECF87142B834103008C0D78 /* CreateItemsViewViewModel.swift in Sources */,
				8ECF871E2B835D7D008C0D78 /* AButton.swift in Sources */,
				8ECF86FE2B833ECB008C0D78 /* ProfileView.swift in Sources */,
				8ECF87162B834114008C0D78 /* LoginViewViewModel.swift in Sources */,
				8ECF87202B87D2D8008C0D78 /* Extensions.swift in Sources */,
				8EA3C60E2B820797002CF2AC /* AdabApp.swift in Sources */,
				8ECF87122B8340F1008C0D78 /* ItemsViewViewModel.swift in Sources */,
				8ECF870C2B83409E008C0D78 /* ToDoListItem.swift in Sources */,
				8ECF87002B833F00008C0D78 /* ItemsView.swift in Sources */,
			);
			runOnlyForDeploymentPostprocessing = 0;
		};
		8EA3C6162B820798002CF2AC /* Sources */ = {
			isa = PBXSourcesBuildPhase;
			buildActionMask = 2147483647;
			files = (
				8EA3C61F2B820798002CF2AC /* AdabTests.swift in Sources */,
			);
			runOnlyForDeploymentPostprocessing = 0;
		};
		8EA3C6202B820798002CF2AC /* Sources */ = {
			isa = PBXSourcesBuildPhase;
			buildActionMask = 2147483647;
			files = (
				8EA3C62B2B820798002CF2AC /* AdabUITestsLaunchTests.swift in Sources */,
				8EA3C6292B820798002CF2AC /* AdabUITests.swift in Sources */,
			);
			runOnlyForDeploymentPostprocessing = 0;
		};
/* End PBXSourcesBuildPhase section */

/* Begin PBXTargetDependency section */
		8EA3C61C2B820798002CF2AC /* PBXTargetDependency */ = {
			isa = PBXTargetDependency;
			target = 8EA3C6092B820797002CF2AC /* Adab */;
			targetProxy = 8EA3C61B2B820798002CF2AC /* PBXContainerItemProxy */;
		};
		8EA3C6262B820798002CF2AC /* PBXTargetDependency */ = {
			isa = PBXTargetDependency;
			target = 8EA3C6092B820797002CF2AC /* Adab */;
			targetProxy = 8EA3C6252B820798002CF2AC /* PBXContainerItemProxy */;
		};
/* End PBXTargetDependency section */

/* Begin XCBuildConfiguration section */
		8EA3C62C2B820798002CF2AC /* Debug */ = {
			isa = XCBuildConfiguration;
			buildSettings = {
				ALWAYS_SEARCH_USER_PATHS = NO;
				CLANG_ANALYZER_NONNULL = YES;
				CLANG_ANALYZER_NUMBER_OBJECT_CONVERSION = YES_AGGRESSIVE;
				CLANG_CXX_LANGUAGE_STANDARD = "gnu++17";
				CLANG_CXX_LIBRARY = "libc++";
				CLANG_ENABLE_MODULES = YES;
				CLANG_ENABLE_OBJC_ARC = YES;
				CLANG_ENABLE_OBJC_WEAK = YES;
				CLANG_WARN_BLOCK_CAPTURE_AUTORELEASING = YES;
				CLANG_WARN_BOOL_CONVERSION = YES;
				CLANG_WARN_COMMA = YES;
				CLANG_WARN_CONSTANT_CONVERSION = YES;
				CLANG_WARN_DEPRECATED_OBJC_IMPLEMENTATIONS = YES;
				CLANG_WARN_DIRECT_OBJC_ISA_USAGE = YES_ERROR;
				CLANG_WARN_DOCUMENTATION_COMMENTS = YES;
				CLANG_WARN_EMPTY_BODY = YES;
				CLANG_WARN_ENUM_CONVERSION = YES;
				CLANG_WARN_INFINITE_RECURSION = YES;
				CLANG_WARN_INT_CONVERSION = YES;
				CLANG_WARN_NON_LITERAL_NULL_CONVERSION = YES;
				CLANG_WARN_OBJC_IMPLICIT_RETAIN_SELF = YES;
				CLANG_WARN_OBJC_LITERAL_CONVERSION = YES;
				CLANG_WARN_OBJC_ROOT_CLASS = YES_ERROR;
				CLANG_WARN_QUOTED_INCLUDE_IN_FRAMEWORK_HEADER = YES;
				CLANG_WARN_RANGE_LOOP_ANALYSIS = YES;
				CLANG_WARN_STRICT_PROTOTYPES = YES;
				CLANG_WARN_SUSPICIOUS_MOVE = YES;
				CLANG_WARN_UNGUARDED_AVAILABILITY = YES_AGGRESSIVE;
				CLANG_WARN_UNREACHABLE_CODE = YES;
				CLANG_WARN__DUPLICATE_METHOD_MATCH = YES;
				COPY_PHASE_STRIP = NO;
				DEBUG_INFORMATION_FORMAT = dwarf;
				ENABLE_STRICT_OBJC_MSGSEND = YES;
				ENABLE_TESTABILITY = YES;
				GCC_C_LANGUAGE_STANDARD = gnu11;
				GCC_DYNAMIC_NO_PIC = NO;
				GCC_NO_COMMON_BLOCKS = YES;
				GCC_OPTIMIZATION_LEVEL = 0;
				GCC_PREPROCESSOR_DEFINITIONS = (
					"DEBUG=1",
					"$(inherited)",
				);
				GCC_WARN_64_TO_32_BIT_CONVERSION = YES;
				GCC_WARN_ABOUT_RETURN_TYPE = YES_ERROR;
				GCC_WARN_UNDECLARED_SELECTOR = YES;
				GCC_WARN_UNINITIALIZED_AUTOS = YES_AGGRESSIVE;
				GCC_WARN_UNUSED_FUNCTION = YES;
				GCC_WARN_UNUSED_VARIABLE = YES;
				IPHONEOS_DEPLOYMENT_TARGET = 15.2;
				MTL_ENABLE_DEBUG_INFO = INCLUDE_SOURCE;
				MTL_FAST_MATH = YES;
				ONLY_ACTIVE_ARCH = YES;
				SDKROOT = iphoneos;
				SWIFT_ACTIVE_COMPILATION_CONDITIONS = DEBUG;
				SWIFT_OPTIMIZATION_LEVEL = "-Onone";
			};
			name = Debug;
		};
		8EA3C62D2B820798002CF2AC /* Release */ = {
			isa = XCBuildConfiguration;
			buildSettings = {
				ALWAYS_SEARCH_USER_PATHS = NO;
				CLANG_ANALYZER_NONNULL = YES;
				CLANG_ANALYZER_NUMBER_OBJECT_CONVERSION = YES_AGGRESSIVE;
				CLANG_CXX_LANGUAGE_STANDARD = "gnu++17";
				CLANG_CXX_LIBRARY = "libc++";
				CLANG_ENABLE_MODULES = YES;
				CLANG_ENABLE_OBJC_ARC = YES;
				CLANG_ENABLE_OBJC_WEAK = YES;
				CLANG_WARN_BLOCK_CAPTURE_AUTORELEASING = YES;
				CLANG_WARN_BOOL_CONVERSION = YES;
				CLANG_WARN_COMMA = YES;
				CLANG_WARN_CONSTANT_CONVERSION = YES;
				CLANG_WARN_DEPRECATED_OBJC_IMPLEMENTATIONS = YES;
				CLANG_WARN_DIRECT_OBJC_ISA_USAGE = YES_ERROR;
				CLANG_WARN_DOCUMENTATION_COMMENTS = YES;
				CLANG_WARN_EMPTY_BODY = YES;
				CLANG_WARN_ENUM_CONVERSION = YES;
				CLANG_WARN_INFINITE_RECURSION = YES;
				CLANG_WARN_INT_CONVERSION = YES;
				CLANG_WARN_NON_LITERAL_NULL_CONVERSION = YES;
				CLANG_WARN_OBJC_IMPLICIT_RETAIN_SELF = YES;
				CLANG_WARN_OBJC_LITERAL_CONVERSION = YES;
				CLANG_WARN_OBJC_ROOT_CLASS = YES_ERROR;
				CLANG_WARN_QUOTED_INCLUDE_IN_FRAMEWORK_HEADER = YES;
				CLANG_WARN_RANGE_LOOP_ANALYSIS = YES;
				CLANG_WARN_STRICT_PROTOTYPES = YES;
				CLANG_WARN_SUSPICIOUS_MOVE = YES;
				CLANG_WARN_UNGUARDED_AVAILABILITY = YES_AGGRESSIVE;
				CLANG_WARN_UNREACHABLE_CODE = YES;
				CLANG_WARN__DUPLICATE_METHOD_MATCH = YES;
				COPY_PHASE_STRIP = NO;
				DEBUG_INFORMATION_FORMAT = "dwarf-with-dsym";
				ENABLE_NS_ASSERTIONS = NO;
				ENABLE_STRICT_OBJC_MSGSEND = YES;
				GCC_C_LANGUAGE_STANDARD = gnu11;
				GCC_NO_COMMON_BLOCKS = YES;
				GCC_WARN_64_TO_32_BIT_CONVERSION = YES;
				GCC_WARN_ABOUT_RETURN_TYPE = YES_ERROR;
				GCC_WARN_UNDECLARED_SELECTOR = YES;
				GCC_WARN_UNINITIALIZED_AUTOS = YES_AGGRESSIVE;
				GCC_WARN_UNUSED_FUNCTION = YES;
				GCC_WARN_UNUSED_VARIABLE = YES;
				IPHONEOS_DEPLOYMENT_TARGET = 15.2;
				MTL_ENABLE_DEBUG_INFO = NO;
				MTL_FAST_MATH = YES;
				SDKROOT = iphoneos;
				SWIFT_COMPILATION_MODE = wholemodule;
				SWIFT_OPTIMIZATION_LEVEL = "-O";
				VALIDATE_PRODUCT = YES;
			};
			name = Release;
		};
		8EA3C62F2B820798002CF2AC /* Debug */ = {
			isa = XCBuildConfiguration;
			buildSettings = {
				ASSETCATALOG_COMPILER_APPICON_NAME = AppIcon;
				ASSETCATALOG_COMPILER_GLOBAL_ACCENT_COLOR_NAME = AccentColor;
				CODE_SIGN_STYLE = Automatic;
				CURRENT_PROJECT_VERSION = 1;
				DEVELOPMENT_ASSET_PATHS = "\"Adab/Preview Content\"";
				DEVELOPMENT_TEAM = GG3B2S5N38;
				ENABLE_PREVIEWS = YES;
				GENERATE_INFOPLIST_FILE = YES;
				INFOPLIST_KEY_UIApplicationSceneManifest_Generation = YES;
				INFOPLIST_KEY_UIApplicationSupportsIndirectInputEvents = YES;
				INFOPLIST_KEY_UILaunchScreen_Generation = YES;
				INFOPLIST_KEY_UISupportedInterfaceOrientations = UIInterfaceOrientationPortrait;
				INFOPLIST_KEY_UISupportedInterfaceOrientations_iPad = "UIInterfaceOrientationPortrait UIInterfaceOrientationPortraitUpsideDown UIInterfaceOrientationLandscapeLeft UIInterfaceOrientationLandscapeRight";
				INFOPLIST_KEY_UISupportedInterfaceOrientations_iPhone = "UIInterfaceOrientationPortrait UIInterfaceOrientationLandscapeLeft UIInterfaceOrientationLandscapeRight";
				LD_RUNPATH_SEARCH_PATHS = (
					"$(inherited)",
					"@executable_path/Frameworks",
				);
				MARKETING_VERSION = 1.0;
				PRODUCT_BUNDLE_IDENTIFIER = com.Bajaber.Adab;
				PRODUCT_NAME = "$(TARGET_NAME)";
				SWIFT_EMIT_LOC_STRINGS = YES;
				SWIFT_VERSION = 5.0;
				TARGETED_DEVICE_FAMILY = "1,2";
			};
			name = Debug;
		};
		8EA3C6302B820798002CF2AC /* Release */ = {
			isa = XCBuildConfiguration;
			buildSettings = {
				ASSETCATALOG_COMPILER_APPICON_NAME = AppIcon;
				ASSETCATALOG_COMPILER_GLOBAL_ACCENT_COLOR_NAME = AccentColor;
				CODE_SIGN_STYLE = Automatic;
				CURRENT_PROJECT_VERSION = 1;
				DEVELOPMENT_ASSET_PATHS = "\"Adab/Preview Content\"";
				DEVELOPMENT_TEAM = GG3B2S5N38;
				ENABLE_PREVIEWS = YES;
				GENERATE_INFOPLIST_FILE = YES;
				INFOPLIST_KEY_UIApplicationSceneManifest_Generation = YES;
				INFOPLIST_KEY_UIApplicationSupportsIndirectInputEvents = YES;
				INFOPLIST_KEY_UILaunchScreen_Generation = YES;
				INFOPLIST_KEY_UISupportedInterfaceOrientations = UIInterfaceOrientationPortrait;
				INFOPLIST_KEY_UISupportedInterfaceOrientations_iPad = "UIInterfaceOrientationPortrait UIInterfaceOrientationPortraitUpsideDown UIInterfaceOrientationLandscapeLeft UIInterfaceOrientationLandscapeRight";
				INFOPLIST_KEY_UISupportedInterfaceOrientations_iPhone = "UIInterfaceOrientationPortrait UIInterfaceOrientationLandscapeLeft UIInterfaceOrientationLandscapeRight";
				LD_RUNPATH_SEARCH_PATHS = (
					"$(inherited)",
					"@executable_path/Frameworks",
				);
				MARKETING_VERSION = 1.0;
				PRODUCT_BUNDLE_IDENTIFIER = com.Bajaber.Adab;
				PRODUCT_NAME = "$(TARGET_NAME)";
				SWIFT_EMIT_LOC_STRINGS = YES;
				SWIFT_VERSION = 5.0;
				TARGETED_DEVICE_FAMILY = "1,2";
			};
			name = Release;
		};
		8EA3C6322B820798002CF2AC /* Debug */ = {
			isa = XCBuildConfiguration;
			buildSettings = {
				ALWAYS_EMBED_SWIFT_STANDARD_LIBRARIES = YES;
				BUNDLE_LOADER = "$(TEST_HOST)";
				CODE_SIGN_STYLE = Automatic;
				CURRENT_PROJECT_VERSION = 1;
				GENERATE_INFOPLIST_FILE = YES;
				IPHONEOS_DEPLOYMENT_TARGET = 15.2;
				MARKETING_VERSION = 1.0;
				PRODUCT_BUNDLE_IDENTIFIER = com.Bajaber.AdabTests;
				PRODUCT_NAME = "$(TARGET_NAME)";
				SWIFT_EMIT_LOC_STRINGS = NO;
				SWIFT_VERSION = 5.0;
				TARGETED_DEVICE_FAMILY = "1,2";
				TEST_HOST = "$(BUILT_PRODUCTS_DIR)/Adab.app/Adab";
			};
			name = Debug;
		};
		8EA3C6332B820798002CF2AC /* Release */ = {
			isa = XCBuildConfiguration;
			buildSettings = {
				ALWAYS_EMBED_SWIFT_STANDARD_LIBRARIES = YES;
				BUNDLE_LOADER = "$(TEST_HOST)";
				CODE_SIGN_STYLE = Automatic;
				CURRENT_PROJECT_VERSION = 1;
				GENERATE_INFOPLIST_FILE = YES;
				IPHONEOS_DEPLOYMENT_TARGET = 15.2;
				MARKETING_VERSION = 1.0;
				PRODUCT_BUNDLE_IDENTIFIER = com.Bajaber.AdabTests;
				PRODUCT_NAME = "$(TARGET_NAME)";
				SWIFT_EMIT_LOC_STRINGS = NO;
				SWIFT_VERSION = 5.0;
				TARGETED_DEVICE_FAMILY = "1,2";
				TEST_HOST = "$(BUILT_PRODUCTS_DIR)/Adab.app/Adab";
			};
			name = Release;
		};
		8EA3C6352B820798002CF2AC /* Debug */ = {
			isa = XCBuildConfiguration;
			buildSettings = {
				ALWAYS_EMBED_SWIFT_STANDARD_LIBRARIES = YES;
				CODE_SIGN_STYLE = Automatic;
				CURRENT_PROJECT_VERSION = 1;
				GENERATE_INFOPLIST_FILE = YES;
				MARKETING_VERSION = 1.0;
				PRODUCT_BUNDLE_IDENTIFIER = com.Bajaber.AdabUITests;
				PRODUCT_NAME = "$(TARGET_NAME)";
				SWIFT_EMIT_LOC_STRINGS = NO;
				SWIFT_VERSION = 5.0;
				TARGETED_DEVICE_FAMILY = "1,2";
				TEST_TARGET_NAME = Adab;
			};
			name = Debug;
		};
		8EA3C6362B820798002CF2AC /* Release */ = {
			isa = XCBuildConfiguration;
			buildSettings = {
				ALWAYS_EMBED_SWIFT_STANDARD_LIBRARIES = YES;
				CODE_SIGN_STYLE = Automatic;
				CURRENT_PROJECT_VERSION = 1;
				GENERATE_INFOPLIST_FILE = YES;
				MARKETING_VERSION = 1.0;
				PRODUCT_BUNDLE_IDENTIFIER = com.Bajaber.AdabUITests;
				PRODUCT_NAME = "$(TARGET_NAME)";
				SWIFT_EMIT_LOC_STRINGS = NO;
				SWIFT_VERSION = 5.0;
				TARGETED_DEVICE_FAMILY = "1,2";
				TEST_TARGET_NAME = Adab;
			};
			name = Release;
		};
/* End XCBuildConfiguration section */

/* Begin XCConfigurationList section */
		8EA3C6052B820797002CF2AC /* Build configuration list for PBXProject "Adab" */ = {
			isa = XCConfigurationList;
			buildConfigurations = (
				8EA3C62C2B820798002CF2AC /* Debug */,
				8EA3C62D2B820798002CF2AC /* Release */,
			);
			defaultConfigurationIsVisible = 0;
			defaultConfigurationName = Release;
		};
		8EA3C62E2B820798002CF2AC /* Build configuration list for PBXNativeTarget "Adab" */ = {
			isa = XCConfigurationList;
			buildConfigurations = (
				8EA3C62F2B820798002CF2AC /* Debug */,
				8EA3C6302B820798002CF2AC /* Release */,
			);
			defaultConfigurationIsVisible = 0;
			defaultConfigurationName = Release;
		};
		8EA3C6312B820798002CF2AC /* Build configuration list for PBXNativeTarget "AdabTests" */ = {
			isa = XCConfigurationList;
			buildConfigurations = (
				8EA3C6322B820798002CF2AC /* Debug */,
				8EA3C6332B820798002CF2AC /* Release */,
			);
			defaultConfigurationIsVisible = 0;
			defaultConfigurationName = Release;
		};
		8EA3C6342B820798002CF2AC /* Build configuration list for PBXNativeTarget "AdabUITests" */ = {
			isa = XCConfigurationList;
			buildConfigurations = (
				8EA3C6352B820798002CF2AC /* Debug */,
				8EA3C6362B820798002CF2AC /* Release */,
			);
			defaultConfigurationIsVisible = 0;
			defaultConfigurationName = Release;
		};
/* End XCConfigurationList section */

/* Begin XCRemoteSwiftPackageReference section */
		8EA3C63A2B820B8F002CF2AC /* XCRemoteSwiftPackageReference "firebase-ios-sdk" */ = {
			isa = XCRemoteSwiftPackageReference;
			repositoryURL = "https://github.com/firebase/firebase-ios-sdk";
			requirement = {
				kind = exactVersion;
				version = 10.15.0;
			};
		};
/* End XCRemoteSwiftPackageReference section */

/* Begin XCSwiftPackageProductDependency section */
		8EA3C63B2B820B8F002CF2AC /* FirebaseAnalytics */ = {
			isa = XCSwiftPackageProductDependency;
			package = 8EA3C63A2B820B8F002CF2AC /* XCRemoteSwiftPackageReference "firebase-ios-sdk" */;
			productName = FirebaseAnalytics;
		};
		8EA3C63D2B820B8F002CF2AC /* FirebaseAnalyticsOnDeviceConversion */ = {
			isa = XCSwiftPackageProductDependency;
			package = 8EA3C63A2B820B8F002CF2AC /* XCRemoteSwiftPackageReference "firebase-ios-sdk" */;
			productName = FirebaseAnalyticsOnDeviceConversion;
		};
		8EA3C63F2B820B8F002CF2AC /* FirebaseAnalyticsSwift */ = {
			isa = XCSwiftPackageProductDependency;
			package = 8EA3C63A2B820B8F002CF2AC /* XCRemoteSwiftPackageReference "firebase-ios-sdk" */;
			productName = FirebaseAnalyticsSwift;
		};
		8EA3C6412B820B8F002CF2AC /* FirebaseAnalyticsWithoutAdIdSupport */ = {
			isa = XCSwiftPackageProductDependency;
			package = 8EA3C63A2B820B8F002CF2AC /* XCRemoteSwiftPackageReference "firebase-ios-sdk" */;
			productName = FirebaseAnalyticsWithoutAdIdSupport;
		};
		8EA3C6432B820B8F002CF2AC /* FirebaseAuth */ = {
			isa = XCSwiftPackageProductDependency;
			package = 8EA3C63A2B820B8F002CF2AC /* XCRemoteSwiftPackageReference "firebase-ios-sdk" */;
			productName = FirebaseAuth;
		};
		8EA3C6452B820B8F002CF2AC /* FirebaseFirestore */ = {
			isa = XCSwiftPackageProductDependency;
			package = 8EA3C63A2B820B8F002CF2AC /* XCRemoteSwiftPackageReference "firebase-ios-sdk" */;
			productName = FirebaseFirestore;
		};
		8EA3C6472B820B8F002CF2AC /* FirebaseFirestoreSwift */ = {
			isa = XCSwiftPackageProductDependency;
			package = 8EA3C63A2B820B8F002CF2AC /* XCRemoteSwiftPackageReference "firebase-ios-sdk" */;
			productName = FirebaseFirestoreSwift;
		};
/* End XCSwiftPackageProductDependency section */
	};
	rootObject = 8EA3C6022B820797002CF2AC /* Project object */;
}
